github.com/CycloneDX/cyclonedx-go v0.7.1 h1:5w1SxjGm9MTMNTuRbEPyw21ObdbaagTWF/KfF0qHTRE=
github.com/CycloneDX/cyclonedx-go v0.7.1/go.mod h1:N/nrdWQI2SIjaACyyDs/u7+ddCkyl/zkNs8xFsHF2Ps=
github.com/bradleyjkemp/cupaloy/v2 v2.8.0 h1:any4BmKE+jGIaMpnU8YgH/I2LPiLBufr6oMMlVBbn9M=
github.com/davecgh/go-spew v1.1.1 h1:vj9j/u1bqnvCEfJOwUhtlOARqs3+rkHYY13jYWTU97c=
github.com/pmezard/go-difflib v1.0.0 h1:4DBwDE0NGyQoBHbLQYPwSUPoCMWR5BEzIk/f1lZbAQM=
github.com/stretchr/testify v1.8.2 h1:+h33VjcLVPDHtOdpUCuF+7gSuG3yGIftsP1YvFihtJ8=
gopkg.in/yaml.v3 v3.0.1 h1:fxVm/GzAzEWqLHuvctI91KS9hhNmmWOoWu0XTYJS7CA=
